
Microsoft Visual Studio Solution File, Format Version 12.00
# Visual Studio Version 16
VisualStudioVersion = 16.0.31321.278
MinimumVisualStudioVersion = 10.0.40219.1
Project("{FAE04EC0-301F-11D3-BF4B-00C04F79EFBC}") = "JobAdScraper", "JobAdScraper.csproj", "{01D248BB-70FF-4F40-BE5B-FEFC72864DC7}"
EndProject
Global
	GlobalSection(SolutionConfigurationPlatforms) = preSolution
		Debug|Any CPU = Debug|Any CPU
		Release|Any CPU = Release|Any CPU
	EndGlobalSection
	GlobalSection(ProjectConfigurationPlatforms) = postSolution
		{01D248BB-70FF-4F40-BE5B-FEFC72864DC7}.Debug|Any CPU.ActiveCfg = Debug|Any CPU
		{01D248BB-70FF-4F40-BE5B-FEFC72864DC7}.Debug|Any CPU.Build.0 = Debug|Any CPU
		{01D248BB-70FF-4F40-BE5B-FEFC72864DC7}.Release|Any CPU.ActiveCfg = Release|Any CPU
		{01D248BB-70FF-4F40-BE5B-FEFC72864DC7}.Release|Any CPU.Build.0 = Release|Any CPU
	EndGlobalSection
	GlobalSection(SolutionProperties) = preSolution
		HideSolutionNode = FALSE
	EndGlobalSection
	GlobalSection(ExtensibilityGlobals) = postSolution
		SolutionGuid = {7034B0AA-DBC3-4317-BA12-EDC5763ABAC8}
	EndGlobalSection
EndGlobal
